
Microsoft Visual Studio Solution File, Format Version 12.00
# Visual Studio Version 16
VisualStudioVersion = 16.0.30611.23
MinimumVisualStudioVersion = 10.0.40219.1
Project("{FAE04EC0-301F-11D3-BF4B-00C04F79EFBC}") = "courseworkbos", "courseworkbos\courseworkbos.csproj", "{4A723EEF-1973-45FD-8A26-69024B148391}"
EndProject
Global
	GlobalSection(SolutionConfigurationPlatforms) = preSolution
		Debug|Any CPU = Debug|Any CPU
		Release|Any CPU = Release|Any CPU
	EndGlobalSection
	GlobalSection(ProjectConfigurationPlatforms) = postSolution
		{4A723EEF-1973-45FD-8A26-69024B148391}.Debug|Any CPU.ActiveCfg = Debug|Any CPU
		{4A723EEF-1973-45FD-8A26-69024B148391}.Debug|Any CPU.Build.0 = Debug|Any CPU
		{4A723EEF-1973-45FD-8A26-69024B148391}.Release|Any CPU.ActiveCfg = Release|Any CPU
		{4A723EEF-1973-45FD-8A26-69024B148391}.Release|Any CPU.Build.0 = Release|Any CPU
	EndGlobalSection
	GlobalSection(SolutionProperties) = preSolution
		HideSolutionNode = FALSE
	EndGlobalSection
	GlobalSection(ExtensibilityGlobals) = postSolution
		SolutionGuid = {A75948A7-524B-46AB-89F9-16F71724C4E6}
	EndGlobalSection
EndGlobal
